// !$*UTF8*$!
{
	archiveVersion = 1;
	classes = {
	};
	objectVersion = 46;
	objects = {

/* Begin PBXBuildFile section */
		055A04E116A4CA24006D5C2B /* UIKit.framework in Frameworks */ = {isa = PBXBuildFile; fileRef = 055A04E016A4CA24006D5C2B /* UIKit.framework */; };
		055A04E316A4CA24006D5C2B /* Foundation.framework in Frameworks */ = {isa = PBXBuildFile; fileRef = 055A04E216A4CA24006D5C2B /* Foundation.framework */; };
		055A04E516A4CA24006D5C2B /* CoreGraphics.framework in Frameworks */ = {isa = PBXBuildFile; fileRef = 055A04E416A4CA24006D5C2B /* CoreGraphics.framework */; };
		055A04EB16A4CA24006D5C2B /* InfoPlist.strings in Resources */ = {isa = PBXBuildFile; fileRef = 055A04E916A4CA24006D5C2B /* InfoPlist.strings */; };
		055A04ED16A4CA24006D5C2B /* main.m in Sources */ = {isa = PBXBuildFile; fileRef = 055A04EC16A4CA24006D5C2B /* main.m */; };
		055A04F116A4CA24006D5C2B /* AppDelegate.m in Sources */ = {isa = PBXBuildFile; fileRef = 055A04F016A4CA24006D5C2B /* AppDelegate.m */; };
		055A04F416A4CA24006D5C2B /* ViewController.m in Sources */ = {isa = PBXBuildFile; fileRef = 055A04F316A4CA24006D5C2B /* ViewController.m */; };
		055A04F716A4CA24006D5C2B /* ViewController.xib in Resources */ = {isa = PBXBuildFile; fileRef = 055A04F516A4CA24006D5C2B /* ViewController.xib */; };
/* End PBXBuildFile section */

/* Begin PBXFileReference section */
		055A04DC16A4CA24006D5C2B /* HelloWorld.app */ = {isa = PBXFileReference; explicitFileType = wrapper.application; includeInIndex = 0; path = HelloWorld.app; sourceTree = BUILT_PRODUCTS_DIR; };
		055A04E016A4CA24006D5C2B /* UIKit.framework */ = {isa = PBXFileReference; lastKnownFileType = wrapper.framework; name = UIKit.framework; path = System/Library/Frameworks/UIKit.framework; sourceTree = SDKROOT; };
		055A04E216A4CA24006D5C2B /* Foundation.framework */ = {isa = PBXFileReference; lastKnownFileType = wrapper.framework; name = Foundation.framework; path = System/Library/Frameworks/Foundation.framework; sourceTree = SDKROOT; };
		055A04E416A4CA24006D5C2B /* CoreGraphics.framework */ = {isa = PBXFileReference; lastKnownFileType = wrapper.framework; name = CoreGraphics.framework; path = System/Library/Frameworks/CoreGraphics.framework; sourceTree = SDKROOT; };
		055A04E816A4CA24006D5C2B /* HelloWorld-Info.plist */ = {isa = PBXFileReference; lastKnownFileType = text.plist.xml; path = "HelloWorld-Info.plist"; sourceTree = "<group>"; };
		055A04EA16A4CA24006D5C2B /* en */ = {isa = PBXFileReference; lastKnownFileType = text.plist.strings; name = en; path = en.lproj/InfoPlist.strings; sourceTree = "<group>"; };
		055A04EC16A4CA24006D5C2B /* main.m */ = {isa = PBXFileReference; lastKnownFileType = sourcecode.c.objc; path = main.m; sourceTree = "<group>"; };
		055A04EE16A4CA24006D5C2B /* HelloWorld-Prefix.pch */ = {isa = PBXFileReference; lastKnownFileType = sourcecode.c.h; path = "HelloWorld-Prefix.pch"; sourceTree = "<group>"; };
		055A04EF16A4CA24006D5C2B /* AppDelegate.h */ = {isa = PBXFileReference; lastKnownFileType = sourcecode.c.h; path = AppDelegate.h; sourceTree = "<group>"; };
		055A04F016A4CA24006D5C2B /* AppDelegate.m */ = {isa = PBXFileReference; lastKnownFileType = sourcecode.c.objc; path = AppDelegate.m; sourceTree = "<group>"; };
		055A04F216A4CA24006D5C2B /* ViewController.h */ = {isa = PBXFileReference; lastKnownFileType = sourcecode.c.h; path = ViewController.h; sourceTree = "<group>"; };
		055A04F316A4CA24006D5C2B /* ViewController.m */ = {isa = PBXFileReference; lastKnownFileType = sourcecode.c.objc; path = ViewController.m; sourceTree = "<group>"; };
		055A04F616A4CA24006D5C2B /* en */ = {isa = PBXFileReference; lastKnownFileType = file.xib; name = en; path = en.lproj/ViewController.xib; sourceTree = "<group>"; };
/* End PBXFileReference section */

/* Begin PBXFrameworksBuildPhase section */
		055A04D916A4CA24006D5C2B /* Frameworks */ = {
			isa = PBXFrameworksBuildPhase;
			buildActionMask = 2147483647;
			files = (
				055A04E116A4CA24006D5C2B /* UIKit.framework in Frameworks */,
				055A04E316A4CA24006D5C2B /* Foundation.framework in Frameworks */,
				055A04E516A4CA24006D5C2B /* CoreGraphics.framework in Frameworks */,
			);
			runOnlyForDeploymentPostprocessing = 0;
		};
/* End PBXFrameworksBuildPhase section */

/* Begin PBXGroup section */
		055A04D116A4CA23006D5C2B = {
			isa = PBXGroup;
			children = (
				055A04E616A4CA24006D5C2B /* HelloWorld */,
				055A04DF16A4CA24006D5C2B /* Frameworks */,
				055A04DD16A4CA24006D5C2B /* Products */,
			);
			sourceTree = "<group>";
		};
		055A04DD16A4CA24006D5C2B /* Products */ = {
			isa = PBXGroup;
			children = (
				055A04DC16A4CA24006D5C2B /* HelloWorld.app */,
			);
			name = Products;
			sourceTree = "<group>";
		};
		055A04DF16A4CA24006D5C2B /* Frameworks */ = {
			isa = PBXGroup;
			children = (
				055A04E016A4CA24006D5C2B /* UIKit.framework */,
				055A04E216A4CA24006D5C2B /* Foundation.framework */,
				055A04E416A4CA24006D5C2B /* CoreGraphics.framework */,
			);
			name = Frameworks;
			sourceTree = "<group>";
		};
		055A04E616A4CA24006D5C2B /* HelloWorld */ = {
			isa = PBXGroup;
			children = (
				055A04EF16A4CA24006D5C2B /* AppDelegate.h */,
				055A04F016A4CA24006D5C2B /* AppDelegate.m */,
				055A04F216A4CA24006D5C2B /* ViewController.h */,
				055A04F316A4CA24006D5C2B /* ViewController.m */,
				055A04F516A4CA24006D5C2B /* ViewController.xib */,
				055A04E716A4CA24006D5C2B /* Supporting Files */,
			);
			path = HelloWorld;
			sourceTree = "<group>";
		};
		055A04E716A4CA24006D5C2B /* Supporting Files */ = {
			isa = PBXGroup;
			children = (
				055A04E816A4CA24006D5C2B /* HelloWorld-Info.plist */,
				055A04E916A4CA24006D5C2B /* InfoPlist.strings */,
				055A04EC16A4CA24006D5C2B /* main.m */,
				055A04EE16A4CA24006D5C2B /* HelloWorld-Prefix.pch */,
			);
			name = "Supporting Files";
			sourceTree = "<group>";
		};
/* End PBXGroup section */

/* Begin PBXNativeTarget section */
		055A04DB16A4CA24006D5C2B /* HelloWorld */ = {
			isa = PBXNativeTarget;
			buildConfigurationList = 055A04FA16A4CA24006D5C2B /* Build configuration list for PBXNativeTarget "HelloWorld" */;
			buildPhases = (
				055A04D816A4CA24006D5C2B /* Sources */,
				055A04D916A4CA24006D5C2B /* Frameworks */,
				055A04DA16A4CA24006D5C2B /* Resources */,
			);
			buildRules = (
			);
			dependencies = (
			);
			name = HelloWorld;
			productName = HelloWorld;
			productReference = 055A04DC16A4CA24006D5C2B /* HelloWorld.app */;
			productType = "com.apple.product-type.application";
		};
/* End PBXNativeTarget section */

/* Begin PBXProject section */
		055A04D316A4CA23006D5C2B /* Project object */ = {
			isa = PBXProject;
			attributes = {
				LastUpgradeCheck = 0420;
			};
			buildConfigurationList = 055A04D616A4CA23006D5C2B /* Build configuration list for PBXProject "HelloWorld" */;
			compatibilityVersion = "Xcode 3.2";
			developmentRegion = English;
			hasScannedForEncodings = 0;
			knownRegions = (
				en,
			);
			mainGroup = 055A04D116A4CA23006D5C2B;
			productRefGroup = 055A04DD16A4CA24006D5C2B /* Products */;
			projectDirPath = "";
			projectRoot = "";
			targets = (
				055A04DB16A4CA24006D5C2B /* HelloWorld */,
			);
		};
/* End PBXProject section */

/* Begin PBXResourcesBuildPhase section */
		055A04DA16A4CA24006D5C2B /* Resources */ = {
			isa = PBXResourcesBuildPhase;
			buildActionMask = 2147483647;
			files = (
				055A04EB16A4CA24006D5C2B /* InfoPlist.strings in Resources */,
				055A04F716A4CA24006D5C2B /* ViewController.xib in Resources */,
			);
			runOnlyForDeploymentPostprocessing = 0;
		};
/* End PBXResourcesBuildPhase section */

/* Begin PBXSourcesBuildPhase section */
		055A04D816A4CA24006D5C2B /* Sources */ = {
			isa = PBXSourcesBuildPhase;
			buildActionMask = 2147483647;
			files = (
				055A04ED16A4CA24006D5C2B /* main.m in Sources */,
				055A04F116A4CA24006D5C2B /* AppDelegate.m in Sources */,
				055A04F416A4CA24006D5C2B /* ViewController.m in Sources */,
			);
			runOnlyForDeploymentPostprocessing = 0;
		};
/* End PBXSourcesBuildPhase section */

/* Begin PBXVariantGroup section */
		055A04E916A4CA24006D5C2B /* InfoPlist.strings */ = {
			isa = PBXVariantGroup;
			children = (
				055A04EA16A4CA24006D5C2B /* en */,
			);
			name = InfoPlist.strings;
			sourceTree = "<group>";
		};
		055A04F516A4CA24006D5C2B /* ViewController.xib */ = {
			isa = PBXVariantGroup;
			children = (
				055A04F616A4CA24006D5C2B /* en */,
			);
			name = ViewController.xib;
			sourceTree = "<group>";
		};
/* End PBXVariantGroup section */

/* Begin XCBuildConfiguration section */
		055A04F816A4CA24006D5C2B /* Debug */ = {
			isa = XCBuildConfiguration;
			buildSettings = {
				ALWAYS_SEARCH_USER_PATHS = NO;
				ARCHS = "$(ARCHS_STANDARD_32_BIT)";
				CLANG_ENABLE_OBJC_ARC = YES;
				"CODE_SIGN_IDENTITY[sdk=iphoneos*]" = "iPhone Developer";
				COPY_PHASE_STRIP = NO;
				GCC_C_LANGUAGE_STANDARD = gnu99;
				GCC_DYNAMIC_NO_PIC = NO;
				GCC_OPTIMIZATION_LEVEL = 0;
				GCC_PREPROCESSOR_DEFINITIONS = (
					"DEBUG=1",
					"$(inherited)",
				);
				GCC_SYMBOLS_PRIVATE_EXTERN = NO;
				GCC_VERSION = com.apple.compilers.llvm.clang.1_0;
				GCC_WARN_ABOUT_MISSING_PROTOTYPES = YES;
				GCC_WARN_ABOUT_RETURN_TYPE = YES;
				GCC_WARN_UNUSED_VARIABLE = YES;
				IPHONEOS_DEPLOYMENT_TARGET = 5.0;
				SDKROOT = iphoneos;
			};
			name = Debug;
		};
		055A04F916A4CA24006D5C2B /* Release */ = {
			isa = XCBuildConfiguration;
			buildSettings = {
				ALWAYS_SEARCH_USER_PATHS = NO;
				ARCHS = "$(ARCHS_STANDARD_32_BIT)";
				CLANG_ENABLE_OBJC_ARC = YES;
				"CODE_SIGN_IDENTITY[sdk=iphoneos*]" = "iPhone Developer";
				COPY_PHASE_STRIP = YES;
				GCC_C_LANGUAGE_STANDARD = gnu99;
				GCC_VERSION = com.apple.compilers.llvm.clang.1_0;
				GCC_WARN_ABOUT_MISSING_PROTOTYPES = YES;
				GCC_WARN_ABOUT_RETURN_TYPE = YES;
				GCC_WARN_UNUSED_VARIABLE = YES;
				IPHONEOS_DEPLOYMENT_TARGET = 5.0;
				OTHER_CFLAGS = "-DNS_BLOCK_ASSERTIONS=1";
				SDKROOT = iphoneos;
				VALIDATE_PRODUCT = YES;
			};
			name = Release;
		};
		055A04FB16A4CA24006D5C2B /* Debug */ = {
			isa = XCBuildConfiguration;
			buildSettings = {
				GCC_PRECOMPILE_PREFIX_HEADER = YES;
				GCC_PREFIX_HEADER = "HelloWorld/HelloWorld-Prefix.pch";
				INFOPLIST_FILE = "HelloWorld/HelloWorld-Info.plist";
				PRODUCT_NAME = "$(TARGET_NAME)";
				WRAPPER_EXTENSION = app;
			};
			name = Debug;
		};
		055A04FC16A4CA24006D5C2B /* Release */ = {
			isa = XCBuildConfiguration;
			buildSettings = {
				GCC_PRECOMPILE_PREFIX_HEADER = YES;
				GCC_PREFIX_HEADER = "HelloWorld/HelloWorld-Prefix.pch";
				INFOPLIST_FILE = "HelloWorld/HelloWorld-Info.plist";
				PRODUCT_NAME = "$(TARGET_NAME)";
				WRAPPER_EXTENSION = app;
			};
			name = Release;
		};
/* End XCBuildConfiguration section */

/* Begin XCConfigurationList section */
		055A04D616A4CA23006D5C2B /* Build configuration list for PBXProject "HelloWorld" */ = {
			isa = XCConfigurationList;
			buildConfigurations = (
				055A04F816A4CA24006D5C2B /* Debug */,
				055A04F916A4CA24006D5C2B /* Release */,
			);
			defaultConfigurationIsVisible = 0;
			defaultConfigurationName = Release;
		};
		055A04FA16A4CA24006D5C2B /* Build configuration list for PBXNativeTarget "HelloWorld" */ = {
			isa = XCConfigurationList;
			buildConfigurations = (
				055A04FB16A4CA24006D5C2B /* Debug */,
				055A04FC16A4CA24006D5C2B /* Release */,
			);
			defaultConfigurationIsVisible = 0;
		};
/* End XCConfigurationList section */
	};
	rootObject = 055A04D316A4CA23006D5C2B /* Project object */;
}
